
Microsoft Visual Studio Solution File, Format Version 12.00
# Visual Studio Version 17
VisualStudioVersion = 17.7.34031.279
MinimumVisualStudioVersion = 10.0.40219.1
Project("{FAE04EC0-301F-11D3-BF4B-00C04F79EFBC}") = "ejercicio4Bucles", "ejercicio4Bucles.csproj", "{A89AF3D2-9DF9-4C20-A8E6-36BA97BBC87D}"
EndProject
Global
	GlobalSection(SolutionConfigurationPlatforms) = preSolution
		Debug|Any CPU = Debug|Any CPU
		Release|Any CPU = Release|Any CPU
	EndGlobalSection
	GlobalSection(ProjectConfigurationPlatforms) = postSolution
		{A89AF3D2-9DF9-4C20-A8E6-36BA97BBC87D}.Debug|Any CPU.ActiveCfg = Debug|Any CPU
		{A89AF3D2-9DF9-4C20-A8E6-36BA97BBC87D}.Debug|Any CPU.Build.0 = Debug|Any CPU
		{A89AF3D2-9DF9-4C20-A8E6-36BA97BBC87D}.Release|Any CPU.ActiveCfg = Release|Any CPU
		{A89AF3D2-9DF9-4C20-A8E6-36BA97BBC87D}.Release|Any CPU.Build.0 = Release|Any CPU
	EndGlobalSection
	GlobalSection(SolutionProperties) = preSolution
		HideSolutionNode = FALSE
	EndGlobalSection
	GlobalSection(ExtensibilityGlobals) = postSolution
		SolutionGuid = {056D61F1-D4EF-4D5E-946E-3FEA707DB180}
	EndGlobalSection
EndGlobal
